
Microsoft Visual Studio Solution File, Format Version 12.00
# Visual Studio Version 16
VisualStudioVersion = 16.0.33130.400
MinimumVisualStudioVersion = 10.0.40219.1
Project("{FAE04EC0-301F-11D3-BF4B-00C04F79EFBC}") = "VibrationCalculatorApp", "VibrationCalculatorApp\VibrationCalculatorApp.csproj", "{4458FC4B-D14C-41A6-B804-C7E5E3B50B0C}"
EndProject
Global
	GlobalSection(SolutionConfigurationPlatforms) = preSolution
		Debug|Any CPU = Debug|Any CPU
		Release|Any CPU = Release|Any CPU
	EndGlobalSection
	GlobalSection(ProjectConfigurationPlatforms) = postSolution
		{4458FC4B-D14C-41A6-B804-C7E5E3B50B0C}.Debug|Any CPU.ActiveCfg = Debug|Any CPU
		{4458FC4B-D14C-41A6-B804-C7E5E3B50B0C}.Debug|Any CPU.Build.0 = Debug|Any CPU
		{4458FC4B-D14C-41A6-B804-C7E5E3B50B0C}.Release|Any CPU.ActiveCfg = Release|Any CPU
		{4458FC4B-D14C-41A6-B804-C7E5E3B50B0C}.Release|Any CPU.Build.0 = Release|Any CPU
	EndGlobalSection
	GlobalSection(SolutionProperties) = preSolution
		HideSolutionNode = FALSE
	EndGlobalSection
	GlobalSection(ExtensibilityGlobals) = postSolution
		SolutionGuid = {1B758882-E133-4757-A09E-951897046D37}
	EndGlobalSection
EndGlobal
